{
  "name": "aisport",
  "version": "1.0.0",
  "lockfileVersion": 1,
  "requires": true,
  "dependencies": {
    "@vant/weapp": {
      "version": "1.3.1",
      "resolved": "https://registry.npmjs.org/@vant/weapp/-/weapp-1.3.1.tgz",
      "integrity": "sha512-b4Kr1TUVRtoCKRphRvGYoQIKoSi2QBt3v4VrD6pwKOav3U3AVxKKLcqdCRkVMyTGsZrnwD/5se/HXcXA4ra9dg=="
    },
    "vant-weapp": {
      "version": "0.5.28",
      "resolved": "https://registry.npmjs.org/vant-weapp/-/vant-weapp-0.5.28.tgz",
      "integrity": "sha512-GAJ2PTLuhXHWpAD5B7DdRQdkEFMdjdduuMzKkThUjIiQ63ESnaJvIEUbW3RgiUNNV7PYXwhOFOd6woR/JsTFLA=="
    },
    "weui-wxss": {
      "version": "2.3.0",
      "resolved": "https://registry.npmjs.org/weui-wxss/-/weui-wxss-2.3.0.tgz",
      "integrity": "sha512-nvhFst4SXG3u5xBobcBnqtXWsSDRFJpGdE3OCHOdhaHMVIMUktRjs4YC7YV/I59oZNR4vLDvQtx6vBJ3EMBbhQ=="
    }
  }
}
